<?xml version="1.0" encoding="utf-8"?>
<Project ToolsVersion="4.0" xmlns="http://schemas.microsoft.com/developer/msbuild/2003">
  <ItemGroup>
    <Filter Include="Source Files">
      <UniqueIdentifier>{4FC737F1-C7A5-4376-A066-2A32D752A2FF}</UniqueIdentifier>
      <Extensions>cpp;c;cc;cxx;c++;def;odl;idl;hpj;bat;asm;asmx</Extensions>
    </Filter>
    <Filter Include="Header Files">
      <UniqueIdentifier>{93995380-89BD-4b04-88EB-625FBE52EBFB}</UniqueIdentifier>
      <Extensions>h;hh;hpp;hxx;h++;hm;inl;inc;ipp;xsd</Extensions>
    </Filter>
    <Filter Include="Resource Files">
      <UniqueIdentifier>{67DA6AB6-F800-4c08-8B7A-83BB121AAD01}</UniqueIdentifier>
      <Extensions>rc;ico;cur;bmp;dlg;rc2;rct;bin;rgs;gif;jpg;jpeg;jpe;resx;tiff;tif;png;wav;mfcribbon-ms</Extensions>
    </Filter>
    <Filter Include="Header Files\EventInterfaces">
      <UniqueIdentifier>{8d6daa00-2591-42f3-b7c5-bc21bbedd89b}</UniqueIdentifier>
    </Filter>
    <Filter Include="Header Files\GameEngine">
      <UniqueIdentifier>{65a3370d-46d4-46d6-9e94-3f8af4e2687b}</UniqueIdentifier>
    </Filter>
    <Filter Include="Source Files\GameEngine">
      <UniqueIdentifier>{8db1d441-938a-4ef6-83e3-3e98563af205}</UniqueIdentifier>
    </Filter>
    <Filter Include="Header Files\Library">
      <UniqueIdentifier>{b64489b4-d920-4df6-9257-7b1053acaaee}</UniqueIdentifier>
    </Filter>
    <Filter Include="Source Files\Library">
      <UniqueIdentifier>{aecbe7bb-2a9f-4c01-be77-b5d9622d55c6}</UniqueIdentifier>
    </Filter>
    <Filter Include="Header Files\Library\tinyxml2">
      <UniqueIdentifier>{5d147af8-3e9c-4c3c-91d6-890dce7787d1}</UniqueIdentifier>
    </Filter>
    <Filter Include="Source Files\Library\tinyxml2">
      <UniqueIdentifier>{32eafc77-73cb-4bcb-a01b-72a9ba281202}</UniqueIdentifier>
    </Filter>
    <Filter Include="Source Files\Library\SDL2">
      <UniqueIdentifier>{64e50766-a025-4a2d-89f8-7c585efdf50c}</UniqueIdentifier>
    </Filter>
    <Filter Include="Header Files\Library\SDL2">
      <UniqueIdentifier>{1e0856e7-21a5-426e-89c1-f3d72001ee93}</UniqueIdentifier>
    </Filter>
    <Filter Include="Header Files\Rudimentary">
      <UniqueIdentifier>{438ed091-030c-45d9-85a2-535a7dc9bead}</UniqueIdentifier>
    </Filter>
    <Filter Include="Source Files\Rudimentary">
      <UniqueIdentifier>{4e6f907f-0c6d-4955-a104-1096a64e5b0e}</UniqueIdentifier>
    </Filter>
    <Filter Include="Source Files\EventInterfaces">
      <UniqueIdentifier>{170129a7-44c6-43eb-bf78-ded0ac1e08ca}</UniqueIdentifier>
    </Filter>
    <Filter Include="Source Files\Windows">
      <UniqueIdentifier>{7eb3fdc1-9542-4a05-8596-6f92bde8943f}</UniqueIdentifier>
    </Filter>
    <Filter Include="Header Files\Windows">
      <UniqueIdentifier>{340171fd-22d0-4f5b-ac8a-2c56e849a7a6}</UniqueIdentifier>
    </Filter>
    <Filter Include="Header Files\Windows\MainWindow">
      <UniqueIdentifier>{b73b09bd-cecb-4f2b-90e3-de11457a2dc8}</UniqueIdentifier>
    </Filter>
    <Filter Include="Source Files\Windows\MainWindow">
      <UniqueIdentifier>{f80f6655-5c3c-41bf-be17-3522b9a7e092}</UniqueIdentifier>
    </Filter>
    <Filter Include="Header Files\BuildingBlocks">
      <UniqueIdentifier>{5af4d60a-40ec-4fd3-a49b-e533c66af5ff}</UniqueIdentifier>
    </Filter>
    <Filter Include="Source Files\BuildingBlocks">
      <UniqueIdentifier>{43f3ecaa-95c8-4e4a-bfb2-8956fb36fd7e}</UniqueIdentifier>
    </Filter>
    <Filter Include="Header Files\TextureLoader">
      <UniqueIdentifier>{017c5532-93e9-4d37-96ae-e63b128698d6}</UniqueIdentifier>
    </Filter>
    <Filter Include="Header Files\Physics">
      <UniqueIdentifier>{764c2fc8-c936-421b-a6d9-d962b7ab7fb3}</UniqueIdentifier>
    </Filter>
    <Filter Include="Source Files\Physics">
      <UniqueIdentifier>{1b1ea1cc-6e8a-47e9-a360-81dca4215a47}</UniqueIdentifier>
    </Filter>
  </ItemGroup>
  <ItemGroup>
    <ClCompile Include="sources\main.cpp">
      <Filter>Source Files</Filter>
    </ClCompile>
    <ClCompile Include="sources\xml_parser\XMLParser.cpp">
      <Filter>Source Files</Filter>
    </ClCompile>
    <ClCompile Include="sources\GameEngine\Engine.cpp">
      <Filter>Source Files\GameEngine</Filter>
    </ClCompile>
    <ClCompile Include="library\tinyxml2\tinyxml2.cpp">
      <Filter>Source Files\Library\tinyxml2</Filter>
    </ClCompile>
    <ClCompile Include="sources\Rudimentary\Renderer.cpp">
      <Filter>Source Files\Rudimentary</Filter>
    </ClCompile>
    <ClCompile Include="sources\Rudimentary\Window.cpp">
      <Filter>Source Files\Rudimentary</Filter>
    </ClCompile>
    <ClCompile Include="sources\Rudimentary\Texture.cpp">
      <Filter>Source Files\Rudimentary</Filter>
    </ClCompile>
    <ClCompile Include="sources\Rudimentary\DrawableItem.cpp">
      <Filter>Source Files\Rudimentary</Filter>
    </ClCompile>
    <ClCompile Include="sources\Drawables\Background.cpp">
      <Filter>Source Files\BuildingBlocks</Filter>
    </ClCompile>
    <ClCompile Include="sources\EventInterfaces\EventProcessor.cpp">
      <Filter>Source Files\EventInterfaces</Filter>
    </ClCompile>
    <ClCompile Include="sources\EventInterfaces\IPositionable.cpp">
      <Filter>Source Files\EventInterfaces</Filter>
    </ClCompile>
    <ClCompile Include="sources\Windows\MainWindow\MainWindow.cpp">
      <Filter>Source Files\Windows\MainWindow</Filter>
    </ClCompile>
    <ClCompile Include="sources\Drawables\Label.cpp">
      <Filter>Source Files\BuildingBlocks</Filter>
    </ClCompile>
    <ClCompile Include="sources\Rudimentary\ClickableItem.cpp">
      <Filter>Source Files\Rudimentary</Filter>
    </ClCompile>
    <ClCompile Include="sources\Drawables\FPSCounter.cpp">
      <Filter>Header Files\BuildingBlocks</Filter>
    </ClCompile>
    <ClCompile Include="sources\TextureLoaders\SDLInit.cpp">
      <Filter>Source Files</Filter>
    </ClCompile>
    <ClCompile Include="sources\Drawables\KeyShower.cpp">
      <Filter>Header Files\BuildingBlocks</Filter>
    </ClCompile>
    <ClCompile Include="sources\Physics\Object2D.cpp">
      <Filter>Header Files\Physics</Filter>
    </ClCompile>
    <ClCompile Include="sources\Physics\Physics2D.cpp">
      <Filter>Header Files\Physics</Filter>
    </ClCompile>
    <ClCompile Include="sources\Physics\CircleObject.cpp">
      <Filter>Header Files\Physics</Filter>
    </ClCompile>
    <ClCompile Include="sources\Physics\RectangleObject.cpp">
      <Filter>Header Files\Physics</Filter>
    </ClCompile>
  </ItemGroup>
  <ItemGroup>
    <ClInclude Include="sources\xml_parser\XMLParser.h">
      <Filter>Header Files</Filter>
    </ClInclude>
    <ClInclude Include="sources\GameEngine\Engine.h">
      <Filter>Header Files\GameEngine</Filter>
    </ClInclude>
    <ClInclude Include="sources\EventInterfaces\IPositionable.h">
      <Filter>Header Files\EventInterfaces</Filter>
    </ClInclude>
    <ClInclude Include="sources\EventInterfaces\IDrawable.h">
      <Filter>Header Files\EventInterfaces</Filter>
    </ClInclude>
    <ClInclude Include="sources\EventInterfaces\IKeyboardEvents.h">
      <Filter>Header Files\EventInterfaces</Filter>
    </ClInclude>
    <ClInclude Include="sources\EventInterfaces\IMouseEvents.h">
      <Filter>Header Files\EventInterfaces</Filter>
    </ClInclude>
    <ClInclude Include="sources\EventInterfaces\IUpdatable.h">
      <Filter>Header Files\EventInterfaces</Filter>
    </ClInclude>
    <ClInclude Include="library\tinyxml2\tinyxml2.h">
      <Filter>Header Files\Library\tinyxml2</Filter>
    </ClInclude>
    <ClInclude Include="sources\Rudimentary\Renderer.h">
      <Filter>Header Files\Rudimentary</Filter>
    </ClInclude>
    <ClInclude Include="sources\Rudimentary\Window.h">
      <Filter>Header Files\Rudimentary</Filter>
    </ClInclude>
    <ClInclude Include="sources\Rudimentary\Texture.h">
      <Filter>Header Files\Rudimentary</Filter>
    </ClInclude>
    <ClInclude Include="sources\EventInterfaces\EventProcessor.h">
      <Filter>Header Files\EventInterfaces</Filter>
    </ClInclude>
    <ClInclude Include="sources\Rudimentary\DrawableItem.h">
      <Filter>Header Files\Rudimentary</Filter>
    </ClInclude>
    <ClInclude Include="sources\Drawables\Background.h">
      <Filter>Header Files\BuildingBlocks</Filter>
    </ClInclude>
    <ClInclude Include="sources\Windows\MainWindow\MainWindow.h">
      <Filter>Header Files\Windows\MainWindow</Filter>
    </ClInclude>
    <ClInclude Include="sources\Drawables\Label.h">
      <Filter>Header Files\BuildingBlocks</Filter>
    </ClInclude>
    <ClInclude Include="sources\Rudimentary\ClickableItem.h">
      <Filter>Header Files\Rudimentary</Filter>
    </ClInclude>
    <ClInclude Include="sources\Drawables\FPSCounter.h">
      <Filter>Header Files\BuildingBlocks</Filter>
    </ClInclude>
    <ClInclude Include="sources\TextureLoaders\SDLInit.h">
      <Filter>Header Files\TextureLoader</Filter>
    </ClInclude>
    <ClInclude Include="sources\Drawables\KeyShower.h">
      <Filter>Header Files\BuildingBlocks</Filter>
    </ClInclude>
    <ClInclude Include="sources\Physics\Object2D.h">
      <Filter>Header Files\Physics</Filter>
    </ClInclude>
    <ClInclude Include="sources\Physics\Physics2D.h">
      <Filter>Header Files\Physics</Filter>
    </ClInclude>
    <ClInclude Include="sources\Physics\CircleObject.h">
      <Filter>Header Files\Physics</Filter>
    </ClInclude>
    <ClInclude Include="sources\Physics\RectangleObject.h">
      <Filter>Header Files\Physics</Filter>
    </ClInclude>
  </ItemGroup>
  <ItemGroup>
    <Image Include="resources\level_background\star-pattern.bmp">
      <Filter>Resource Files</Filter>
    </Image>
  </ItemGroup>
</Project>